lockfileVersion: '9.0'

settings:
  autoInstallPeers: true
  excludeLinksFromLockfile: false

importers:

  .:
    dependencies:
      chalk:
        specifier: ^5.4.1
        version: 5.4.1
      ollama:
        specifier: ^0.5.16
        version: 0.5.16
    devDependencies:
      '@types/node':
        specifier: ^20
        version: 20.19.9
      typescript:
        specifier: ^5
        version: 5.8.3

packages:

  '@types/node@20.19.9':
    resolution: {integrity: sha512-cuVNgarYWZqxRJDQHEB58GEONhOK79QVR/qYx4S7kcUObQvUwvFnYxJuuHUKm2aieN9X3yZB4LZsuYNU1Qphsw==}

  chalk@5.4.1:
    resolution: {integrity: sha512-zgVZuo2WcZgfUEmsn6eO3kINexW8RAE4maiQ8QNs8CtpPCSyMiYsULR3HQYkm3w8FIA3SberyMJMSldGsW+U3w==}
    engines: {node: ^12.17.0 || ^14.13 || >=16.0.0}

  ollama@0.5.16:
    resolution: {integrity: sha512-OEbxxOIUZtdZgOaTPAULo051F5y+Z1vosxEYOoABPnQKeW7i4O8tJNlxCB+xioyoorVqgjkdj+TA1f1Hy2ug/w==}

  typescript@5.8.3:
    resolution: {integrity: sha512-p1diW6TqL9L07nNxvRMM7hMMw4c5XOo/1ibL4aAIGmSAt9slTE1Xgw5KWuof2uTOvCg9BY7ZRi+GaF+7sfgPeQ==}
    engines: {node: '>=14.17'}
    hasBin: true

  undici-types@6.21.0:
    resolution: {integrity: sha512-iwDZqg0QAGrg9Rav5H4n0M64c3mkR59cJ6wQp+7C4nI0gsmExaedaYLNO44eT4AtBBwjbTiGPMlt2Md0T9H9JQ==}

  whatwg-fetch@3.6.20:
    resolution: {integrity: sha512-EqhiFU6daOA8kpjOWTL0olhVOF3i7OrFzSYiGsEMB8GcXS+RrzauAERX65xMeNWVqxA6HXH2m69Z9LaKKdisfg==}

snapshots:

  '@types/node@20.19.9':
    dependencies:
      undici-types: 6.21.0

  chalk@5.4.1: {}

  ollama@0.5.16:
    dependencies:
      whatwg-fetch: 3.6.20

  typescript@5.8.3: {}

  undici-types@6.21.0: {}

  whatwg-fetch@3.6.20: {}
